
Microsoft Visual Studio Solution File, Format Version 12.00
# Visual Studio Version 17
VisualStudioVersion = 17.0.31903.59
MinimumVisualStudioVersion = 10.0.40219.1
Project("{FAE04EC0-301F-11D3-BF4B-00C04F79EFBC}") = "LoanFeeCalculator.Api", "LoanFeeCalculator.Api\LoanFeeCalculator.Api.csproj", "{10E7B81D-F4B7-4733-943F-85048605445E}"
EndProject
Project("{FAE04EC0-301F-11D3-BF4B-00C04F79EFBC}") = "LoanFeeCalculator.Tests", "LoanFeeCalculator.Tests\LoanFeeCalculator.Tests.csproj", "{8ECD40D2-F35C-4EE4-9A87-885D943FB1F7}"
EndProject
Global
	GlobalSection(SolutionConfigurationPlatforms) = preSolution
		Debug|Any CPU = Debug|Any CPU
		Release|Any CPU = Release|Any CPU
	EndGlobalSection
	GlobalSection(SolutionProperties) = preSolution
		HideSolutionNode = FALSE
	EndGlobalSection
	GlobalSection(ProjectConfigurationPlatforms) = postSolution
		{10E7B81D-F4B7-4733-943F-85048605445E}.Debug|Any CPU.ActiveCfg = Debug|Any CPU
		{10E7B81D-F4B7-4733-943F-85048605445E}.Debug|Any CPU.Build.0 = Debug|Any CPU
		{10E7B81D-F4B7-4733-943F-85048605445E}.Release|Any CPU.ActiveCfg = Release|Any CPU
		{10E7B81D-F4B7-4733-943F-85048605445E}.Release|Any CPU.Build.0 = Release|Any CPU
		{8ECD40D2-F35C-4EE4-9A87-885D943FB1F7}.Debug|Any CPU.ActiveCfg = Debug|Any CPU
		{8ECD40D2-F35C-4EE4-9A87-885D943FB1F7}.Debug|Any CPU.Build.0 = Debug|Any CPU
		{8ECD40D2-F35C-4EE4-9A87-885D943FB1F7}.Release|Any CPU.ActiveCfg = Release|Any CPU
		{8ECD40D2-F35C-4EE4-9A87-885D943FB1F7}.Release|Any CPU.Build.0 = Release|Any CPU
	EndGlobalSection
EndGlobal
